cloud.google.com/go v0.34.0/go.mod h1:aQUYkXzVsufM+DwF1aE+0xfcU+56JwCaLick0ClmMTw=
github.com/dgrijalva/jwt-go v3.2.0+incompatible/go.mod h1:E3ru+11k8xSBh+hMPgOLZmtrrCbhqsmaPHjLKYnJCaQ=
github.com/gilcrest/audit v0.0.1 h1:Dh9cAqckedtrVDlIC3pWawePipZJnqoryV8jYVQ3R8c=
github.com/gilcrest/audit v0.0.1/go.mod h1:9efK1bSH7MEUNGW3uDsQ/C9VJpBPsnPH1PqA59Tz3LI=
github.com/gilcrest/auth v0.0.2 h1:5nR/4nZ9dP23nVaZZq1vy1t/beLiN58C/2SJWLuknj4=
github.com/gilcrest/auth v0.0.2/go.mod h1:1J4E67b+IMzoqpnzmzz4TX/5hdhC2OcYwyv2gDVCx6I=
github.com/gilcrest/auth v0.1.0 h1:n3+L6x38EObDQIt7Vk98Klh/cw5ZnyvFykJuUYSVutg=
github.com/gilcrest/auth v0.1.0/go.mod h1:1J4E67b+IMzoqpnzmzz4TX/5hdhC2OcYwyv2gDVCx6I=
github.com/gilcrest/date v0.1.0/go.mod h1:GWJItMJ7//n7fNttWOyn8i1xEfmfadASHRXPHHKbe8Y=
github.com/gilcrest/errors v0.1.0/go.mod h1:8IIeIoFzPksn6Nk8sjcSNCB+2TKd7h8yinC0hb2pauE=
github.com/gilcrest/errors v0.5.0 h1:vYj94RgAUK4RCwPpA0U77haHnvXahSbT5IXQhTNB++0=
github.com/gilcrest/errors v0.5.0/go.mod h1:8IIeIoFzPksn6Nk8sjcSNCB+2TKd7h8yinC0hb2pauE=
github.com/gilcrest/fide v0.0.0-20181108155538-7d3559f32a96/go.mod h1:wKq4mTm3xKtRng7TgWiN+YbMVpjcnFhazbOv6BPcIfg=
github.com/gilcrest/httplog v0.3.4 h1:5syaQNW38L0RH0FAVLR1WpdD+S+HATM8lNg5XnMD/dU=
github.com/gilcrest/httplog v0.3.4/go.mod h1:ZwyrWWSrFnTxSCm75xSHUB+330s7q0o8VIpQroAiayc=
github.com/gilcrest/rand v0.3.0/go.mod h1:Qh83+hXt2ZMdIU/8fo7p/683AWruc9Erm9RWWc/IyWk=
github.com/gilcrest/srvr v0.3.1 h1:YWw9OKbGUet3fsTC4Zx6AnUVvUO9swUkyrD7tXSzJ8s=
github.com/gilcrest/srvr v0.3.1/go.mod h1:IzRDwSV0WIKa7lxCN30CrqyxGFEp3fUmmy0g6cu44m4=
github.com/gilcrest/usr v0.0.0-20181223041443-2215c8386f57 h1:efI5aj9TJR4H8cE539hSvpP24gvbhR/TglleI4vhcdg=
github.com/gilcrest/usr v0.0.0-20181223041443-2215c8386f57/go.mod h1:XDtd99T5C8wjmNZ4tRksc2a+J09X/wMFWfhNYs10ruM=
github.com/gomodule/redigo v2.0.0+incompatible h1:K/R+8tc58AaqLkqG2Ol3Qk+DR/TlNuhuh457pBFPtt0=
github.com/gomodule/redigo v2.0.0+incompatible/go.mod h1:B4C85qUVwatsJoIUNIfCRsp7qO0iAmpGFZ4EELWSbC4=
github.com/gorilla/context v1.1.1 h1:AWwleXJkX/nhcU9bZSnZoi3h/qGYqQAGhq6zZe/aQW8=
github.com/gorilla/context v1.1.1/go.mod h1:kBGZzfjB9CEq2AlWe17Uuf7NDRt0dE0s8S51q0aT7Yg=
github.com/gorilla/mux v1.6.2 h1:Pgr17XVTNXAk3q/r4CpKzC5xBM/qW1uVLV+IhRZpIIk=
github.com/gorilla/mux v1.6.2/go.mod h1:1lud6UwP+6orDFRuTfBEV8e9/aOM/c4fVVCaMa2zaAs=
github.com/justinas/alice v0.0.0-20171023064455-03f45bd4b7da h1:5y58+OCjoHCYB8182mpf/dEsq0vwTKPOo4zGfH0xW9A=
github.com/justinas/alice v0.0.0-20171023064455-03f45bd4b7da/go.mod h1:oLH0CmIaxCGXD67VKGR5AacGXZSMznlmeqM8RzPrcY8=
github.com/lib/pq v1.0.0 h1:X5PMW56eZitiTeO7tKzZxFCSpbFZJtkMMooicw2us9A=
github.com/lib/pq v1.0.0/go.mod h1:5WUZQaWbwv1U+lTReE5YruASi9Al49XbQIvNi/34Woo=
github.com/rs/xid v1.2.1 h1:mhH9Nq+C1fY2l1XIpgxIiUOfNpRBYH1kKcr+qfKgjRc=
github.com/rs/xid v1.2.1/go.mod h1:+uKXf+4Djp6Md1KODXJxgGQPKngRmWyn10oCKFzNHOQ=
github.com/rs/zerolog v1.9.1 h1:AjV/SFRF0+gEa6rSjkh0Eji/DnkrJKVpPho6SW5g4mU=
github.com/rs/zerolog v1.9.1/go.mod h1:YbFCdg8HfsridGWAh22vktObvhZbQsZXe4/zB0OKkWU=
github.com/rs/zerolog v1.11.0 h1:DRuq/S+4k52uJzBQciUcofXx45GrMC6yrEbb/CoK6+M=
github.com/rs/zerolog v1.11.0/go.mod h1:YbFCdg8HfsridGWAh22vktObvhZbQsZXe4/zB0OKkWU=
golang.org/x/crypto v0.0.0-20181030022821-bc7917b19d8f/go.mod h1:6SG95UA2DQfeDnfUPMdvaQW0Q7yPrPDi9nlGo2tz2b4=
golang.org/x/crypto v0.0.0-20181203042331-505ab145d0a9 h1:mKdxBk7AujPs8kU4m80U72y/zjbZ3UcXC7dClwKbUI0=
golang.org/x/crypto v0.0.0-20181203042331-505ab145d0a9/go.mod h1:6SG95UA2DQfeDnfUPMdvaQW0Q7yPrPDi9nlGo2tz2b4=
