github.com/gilcrest/alice v1.0.0 h1:5+CasxidJEUHmgghQxLOl09uYhOlavDfDgNZhyR62LU=
github.com/gilcrest/alice v1.0.0/go.mod h1:q5HRhK5WEyU1pDBIIfmYapVGLd/IAAPwiO8LNxKADpw=
github.com/gilcrest/apiclient v0.10.3 h1:o19OYtcd4k1APpjGee0jMxbMAA4s4taK73RmuAAiwII=
github.com/gilcrest/apiclient v0.10.3/go.mod h1:7HEhVQ3C4w/k5j075Pjmu/gyqyiy02JrrizqaRW5EJI=
github.com/gilcrest/apiclient v0.10.4 h1:HkUFEQIgaf4+yCMwg5RomEQl6VDfFdHRRlLRoNifVl8=
github.com/gilcrest/apiclient v0.10.4/go.mod h1:3l4nVUyKT4wyCOn+t98rDEzh8zoUb9VwWMqQK59PTko=
github.com/gilcrest/dbaudit v0.3.4 h1:FErCAPTzcgXT8RRW+I0p2vsxfU2aMFAUb02AkTFvVrw=
github.com/gilcrest/dbaudit v0.3.4/go.mod h1:xrHxpqtT5mbVwLOVDg3ugxEc2egrM8/2MHjiX89+6XY=
github.com/gilcrest/env v0.1.2 h1:t/1ARVkSTgk1xV6IPZr+2du9PnqORHev6ozQOVQv+yk=
github.com/gilcrest/env v0.1.2/go.mod h1:Iqv6OVp3fENCw9Bj7I1PtQkjdNCqdJ0VwTPGI/5E2Dg=
github.com/gilcrest/errors v0.13.3 h1:cTN++wwOPN6VonU75yi6tyGjS9xmrkLmJG0z/gbOwD8=
github.com/gilcrest/errors v0.13.3/go.mod h1:MXMoHeYRiVHvC2G7NTfScqIvx8lkZ9fUWYAORpBY65k=
github.com/gilcrest/movie v0.5.4 h1:xDTT4X3BLoEhtMeEzwXSVb/O+Gdu8MvV/pyk6hq8Yjw=
github.com/gilcrest/movie v0.5.4/go.mod h1:0iEYhH1pIAylw46uflR1s75O43XsSiuMbd21hPxtocc=
github.com/gilcrest/rand v0.3.0 h1:WbOVoc1vPlN2FXORfVzZAYLC1nUVBXoEUfKht4AR9GE=
github.com/gilcrest/rand v0.3.0/go.mod h1:Qh83+hXt2ZMdIU/8fo7p/683AWruc9Erm9RWWc/IyWk=
github.com/gilcrest/servertoken v0.4.3 h1:d+Fe0gvXfn4D67iaJSLLUzkhcNGhtUZCu04dwsqkbS0=
github.com/gilcrest/servertoken v0.4.3/go.mod h1:PoAi3BPq+O47Ie4vZX9Q57U+goq3l+oVC6JXNp5PKOE=
github.com/gilcrest/servertoken v0.4.4 h1:apcn3Ym2Ap4iJVjVqUwItD1lv3xakcgqk9Ua4/+tL3o=
github.com/gilcrest/servertoken v0.4.4/go.mod h1:PoAi3BPq+O47Ie4vZX9Q57U+goq3l+oVC6JXNp5PKOE=
github.com/gomodule/redigo v2.0.0+incompatible h1:K/R+8tc58AaqLkqG2Ol3Qk+DR/TlNuhuh457pBFPtt0=
github.com/gomodule/redigo v2.0.0+incompatible/go.mod h1:B4C85qUVwatsJoIUNIfCRsp7qO0iAmpGFZ4EELWSbC4=
github.com/gorilla/mux v1.7.0 h1:tOSd0UKHQd6urX6ApfOn4XdBMY6Sh1MfxV3kmaazO+U=
github.com/gorilla/mux v1.7.0/go.mod h1:1lud6UwP+6orDFRuTfBEV8e9/aOM/c4fVVCaMa2zaAs=
github.com/lib/pq v1.0.0 h1:X5PMW56eZitiTeO7tKzZxFCSpbFZJtkMMooicw2us9A=
github.com/lib/pq v1.0.0/go.mod h1:5WUZQaWbwv1U+lTReE5YruASi9Al49XbQIvNi/34Woo=
github.com/rs/zerolog v1.13.0 h1:hSNcYHyxDWycfePW7pUI8swuFkcSMPKh3E63Pokg1Hk=
github.com/rs/zerolog v1.13.0/go.mod h1:YbFCdg8HfsridGWAh22vktObvhZbQsZXe4/zB0OKkWU=
